
Microsoft Visual Studio Solution File, Format Version 12.00
# Visual Studio Version 16
VisualStudioVersion = 16.0.28407.52
MinimumVisualStudioVersion = 10.0.40219.1
Project("{9A19103F-16F7-4668-BE54-9A1E7A4F7556}") = "LanguageDetector", "LanguageDetector\LanguageDetector.csproj", "{8CBE1390-79D2-42BA-B92E-B15E46071556}"
EndProject
Project("{9A19103F-16F7-4668-BE54-9A1E7A4F7556}") = "Interfaces", "Interfaces\Interfaces.csproj", "{46B7C0EA-2FCD-4CA1-BF58-EFE486E33580}"
EndProject
Project("{9A19103F-16F7-4668-BE54-9A1E7A4F7556}") = "Analizers", "Analizers\Analizers.csproj", "{DF778F6F-32C7-492D-AF6B-D528E444DCFD}"
EndProject
Project("{9A19103F-16F7-4668-BE54-9A1E7A4F7556}") = "PageService", "PageService\PageService.csproj", "{9AED33B6-FC84-4F8D-BF48-4D531266CF8C}"
EndProject
Project("{9A19103F-16F7-4668-BE54-9A1E7A4F7556}") = "Tokenizer", "Tokenizer\Tokenizer.csproj", "{E75D7FB7-029C-415E-85D0-5346E4FEF2E2}"
EndProject
Project("{9A19103F-16F7-4668-BE54-9A1E7A4F7556}") = "LanguageDetector.Tests", "LanguageDetector.Tests\LanguageDetector.Tests.csproj", "{6747CA28-F181-4021-B134-99ACF185F9E7}"
EndProject
Project("{9A19103F-16F7-4668-BE54-9A1E7A4F7556}") = "GoogleTranslateApiClient", "GoogleTranslateApiClient\GoogleTranslateApiClient.csproj", "{FDEAFBE6-85F7-460D-A716-C0C5990CE16D}"
EndProject
Project("{9A19103F-16F7-4668-BE54-9A1E7A4F7556}") = "GoogleTranslateApiClient.Tests", "GoogleTranslateApiClient.Tests\GoogleTranslateApiClient.Tests.csproj", "{3489D79C-2D00-4215-A52B-B6F9A30900DE}"
EndProject
Project("{9A19103F-16F7-4668-BE54-9A1E7A4F7556}") = "PageService.Tests", "PageService.Tests\PageService.Tests.csproj", "{BC124C4A-5FB5-4898-A412-DA39EA963985}"
EndProject
Project("{9A19103F-16F7-4668-BE54-9A1E7A4F7556}") = "IoC", "IoC\IoC.csproj", "{4080C064-17B3-4744-9BD5-B9DC831EBEAC}"
EndProject
Project("{9A19103F-16F7-4668-BE54-9A1E7A4F7556}") = "Tokenizer.Tests", "Tokenizer.Tests\Tokenizer.Tests.csproj", "{4E5773D3-C47D-452B-9D7D-7957BA6D2333}"
EndProject
Project("{9A19103F-16F7-4668-BE54-9A1E7A4F7556}") = "Comparisons", "Comparisons\Comparisons.csproj", "{E81F31A7-BC1B-40B0-872D-DF7C20FCB5F3}"
EndProject
Global
	GlobalSection(SolutionConfigurationPlatforms) = preSolution
		Debug|Any CPU = Debug|Any CPU
		Release|Any CPU = Release|Any CPU
	EndGlobalSection
	GlobalSection(ProjectConfigurationPlatforms) = postSolution
		{8CBE1390-79D2-42BA-B92E-B15E46071556}.Debug|Any CPU.ActiveCfg = Debug|Any CPU
		{8CBE1390-79D2-42BA-B92E-B15E46071556}.Debug|Any CPU.Build.0 = Debug|Any CPU
		{8CBE1390-79D2-42BA-B92E-B15E46071556}.Release|Any CPU.ActiveCfg = Release|Any CPU
		{8CBE1390-79D2-42BA-B92E-B15E46071556}.Release|Any CPU.Build.0 = Release|Any CPU
		{46B7C0EA-2FCD-4CA1-BF58-EFE486E33580}.Debug|Any CPU.ActiveCfg = Debug|Any CPU
		{46B7C0EA-2FCD-4CA1-BF58-EFE486E33580}.Debug|Any CPU.Build.0 = Debug|Any CPU
		{46B7C0EA-2FCD-4CA1-BF58-EFE486E33580}.Release|Any CPU.ActiveCfg = Release|Any CPU
		{46B7C0EA-2FCD-4CA1-BF58-EFE486E33580}.Release|Any CPU.Build.0 = Release|Any CPU
		{DF778F6F-32C7-492D-AF6B-D528E444DCFD}.Debug|Any CPU.ActiveCfg = Debug|Any CPU
		{DF778F6F-32C7-492D-AF6B-D528E444DCFD}.Debug|Any CPU.Build.0 = Debug|Any CPU
		{DF778F6F-32C7-492D-AF6B-D528E444DCFD}.Release|Any CPU.ActiveCfg = Release|Any CPU
		{DF778F6F-32C7-492D-AF6B-D528E444DCFD}.Release|Any CPU.Build.0 = Release|Any CPU
		{9AED33B6-FC84-4F8D-BF48-4D531266CF8C}.Debug|Any CPU.ActiveCfg = Debug|Any CPU
		{9AED33B6-FC84-4F8D-BF48-4D531266CF8C}.Debug|Any CPU.Build.0 = Debug|Any CPU
		{9AED33B6-FC84-4F8D-BF48-4D531266CF8C}.Release|Any CPU.ActiveCfg = Release|Any CPU
		{9AED33B6-FC84-4F8D-BF48-4D531266CF8C}.Release|Any CPU.Build.0 = Release|Any CPU
		{E75D7FB7-029C-415E-85D0-5346E4FEF2E2}.Debug|Any CPU.ActiveCfg = Debug|Any CPU
		{E75D7FB7-029C-415E-85D0-5346E4FEF2E2}.Debug|Any CPU.Build.0 = Debug|Any CPU
		{E75D7FB7-029C-415E-85D0-5346E4FEF2E2}.Release|Any CPU.ActiveCfg = Release|Any CPU
		{E75D7FB7-029C-415E-85D0-5346E4FEF2E2}.Release|Any CPU.Build.0 = Release|Any CPU
		{6747CA28-F181-4021-B134-99ACF185F9E7}.Debug|Any CPU.ActiveCfg = Debug|Any CPU
		{6747CA28-F181-4021-B134-99ACF185F9E7}.Debug|Any CPU.Build.0 = Debug|Any CPU
		{6747CA28-F181-4021-B134-99ACF185F9E7}.Release|Any CPU.ActiveCfg = Release|Any CPU
		{6747CA28-F181-4021-B134-99ACF185F9E7}.Release|Any CPU.Build.0 = Release|Any CPU
		{FDEAFBE6-85F7-460D-A716-C0C5990CE16D}.Debug|Any CPU.ActiveCfg = Debug|Any CPU
		{FDEAFBE6-85F7-460D-A716-C0C5990CE16D}.Debug|Any CPU.Build.0 = Debug|Any CPU
		{FDEAFBE6-85F7-460D-A716-C0C5990CE16D}.Release|Any CPU.ActiveCfg = Release|Any CPU
		{FDEAFBE6-85F7-460D-A716-C0C5990CE16D}.Release|Any CPU.Build.0 = Release|Any CPU
		{3489D79C-2D00-4215-A52B-B6F9A30900DE}.Debug|Any CPU.ActiveCfg = Debug|Any CPU
		{3489D79C-2D00-4215-A52B-B6F9A30900DE}.Debug|Any CPU.Build.0 = Debug|Any CPU
		{3489D79C-2D00-4215-A52B-B6F9A30900DE}.Release|Any CPU.ActiveCfg = Release|Any CPU
		{3489D79C-2D00-4215-A52B-B6F9A30900DE}.Release|Any CPU.Build.0 = Release|Any CPU
		{BC124C4A-5FB5-4898-A412-DA39EA963985}.Debug|Any CPU.ActiveCfg = Debug|Any CPU
		{BC124C4A-5FB5-4898-A412-DA39EA963985}.Debug|Any CPU.Build.0 = Debug|Any CPU
		{BC124C4A-5FB5-4898-A412-DA39EA963985}.Release|Any CPU.ActiveCfg = Release|Any CPU
		{BC124C4A-5FB5-4898-A412-DA39EA963985}.Release|Any CPU.Build.0 = Release|Any CPU
		{4080C064-17B3-4744-9BD5-B9DC831EBEAC}.Debug|Any CPU.ActiveCfg = Debug|Any CPU
		{4080C064-17B3-4744-9BD5-B9DC831EBEAC}.Debug|Any CPU.Build.0 = Debug|Any CPU
		{4080C064-17B3-4744-9BD5-B9DC831EBEAC}.Release|Any CPU.ActiveCfg = Release|Any CPU
		{4080C064-17B3-4744-9BD5-B9DC831EBEAC}.Release|Any CPU.Build.0 = Release|Any CPU
		{4E5773D3-C47D-452B-9D7D-7957BA6D2333}.Debug|Any CPU.ActiveCfg = Debug|Any CPU
		{4E5773D3-C47D-452B-9D7D-7957BA6D2333}.Debug|Any CPU.Build.0 = Debug|Any CPU
		{4E5773D3-C47D-452B-9D7D-7957BA6D2333}.Release|Any CPU.ActiveCfg = Release|Any CPU
		{4E5773D3-C47D-452B-9D7D-7957BA6D2333}.Release|Any CPU.Build.0 = Release|Any CPU
		{E81F31A7-BC1B-40B0-872D-DF7C20FCB5F3}.Debug|Any CPU.ActiveCfg = Debug|Any CPU
		{E81F31A7-BC1B-40B0-872D-DF7C20FCB5F3}.Debug|Any CPU.Build.0 = Debug|Any CPU
		{E81F31A7-BC1B-40B0-872D-DF7C20FCB5F3}.Release|Any CPU.ActiveCfg = Release|Any CPU
		{E81F31A7-BC1B-40B0-872D-DF7C20FCB5F3}.Release|Any CPU.Build.0 = Release|Any CPU
	EndGlobalSection
	GlobalSection(SolutionProperties) = preSolution
		HideSolutionNode = FALSE
	EndGlobalSection
	GlobalSection(ExtensibilityGlobals) = postSolution
		SolutionGuid = {08ADD498-232D-4E50-9484-5B1604118F55}
	EndGlobalSection
EndGlobal
